// !$*UTF8*$!
{
	archiveVersion = 1;
	classes = {
	};
	objectVersion = 50;
	objects = {

/* Begin PBXBuildFile section */
		2B45E65D26B81F1B00E71171 /* AppDelegate.swift in Sources */ = {isa = PBXBuildFile; fileRef = 2B45E65C26B81F1B00E71171 /* AppDelegate.swift */; };
		2B45E65F26B81F1B00E71171 /* SceneDelegate.swift in Sources */ = {isa = PBXBuildFile; fileRef = 2B45E65E26B81F1B00E71171 /* SceneDelegate.swift */; };
		2B45E66126B81F1B00E71171 /* ViewController.swift in Sources */ = {isa = PBXBuildFile; fileRef = 2B45E66026B81F1B00E71171 /* ViewController.swift */; };
		2B45E66426B81F1B00E71171 /* Main.storyboard in Resources */ = {isa = PBXBuildFile; fileRef = 2B45E66226B81F1B00E71171 /* Main.storyboard */; };
		2B45E66626B81F1E00E71171 /* Assets.xcassets in Resources */ = {isa = PBXBuildFile; fileRef = 2B45E66526B81F1E00E71171 /* Assets.xcassets */; };
		2B45E66926B81F1E00E71171 /* LaunchScreen.storyboard in Resources */ = {isa = PBXBuildFile; fileRef = 2B45E66726B81F1E00E71171 /* LaunchScreen.storyboard */; };
		6A615DA426C7113C00666953 /* StorageKeys.swift in Sources */ = {isa = PBXBuildFile; fileRef = 6A615DA326C7113C00666953 /* StorageKeys.swift */; };
/* End PBXBuildFile section */

/* Begin PBXFileReference section */
		2B45E65926B81F1B00E71171 /* homeworkGregory.app */ = {isa = PBXFileReference; explicitFileType = wrapper.application; includeInIndex = 0; path = homeworkGregory.app; sourceTree = BUILT_PRODUCTS_DIR; };
		2B45E65C26B81F1B00E71171 /* AppDelegate.swift */ = {isa = PBXFileReference; lastKnownFileType = sourcecode.swift; path = AppDelegate.swift; sourceTree = "<group>"; };
		2B45E65E26B81F1B00E71171 /* SceneDelegate.swift */ = {isa = PBXFileReference; lastKnownFileType = sourcecode.swift; path = SceneDelegate.swift; sourceTree = "<group>"; };
		2B45E66026B81F1B00E71171 /* ViewController.swift */ = {isa = PBXFileReference; lastKnownFileType = sourcecode.swift; path = ViewController.swift; sourceTree = "<group>"; };
		2B45E66326B81F1B00E71171 /* Base */ = {isa = PBXFileReference; lastKnownFileType = file.storyboard; name = Base; path = Base.lproj/Main.storyboard; sourceTree = "<group>"; };
		2B45E66526B81F1E00E71171 /* Assets.xcassets */ = {isa = PBXFileReference; lastKnownFileType = folder.assetcatalog; path = Assets.xcassets; sourceTree = "<group>"; };
		2B45E66826B81F1E00E71171 /* Base */ = {isa = PBXFileReference; lastKnownFileType = file.storyboard; name = Base; path = Base.lproj/LaunchScreen.storyboard; sourceTree = "<group>"; };
		2B45E66A26B81F1E00E71171 /* Info.plist */ = {isa = PBXFileReference; lastKnownFileType = text.plist.xml; path = Info.plist; sourceTree = "<group>"; };
		6A615DA326C7113C00666953 /* StorageKeys.swift */ = {isa = PBXFileReference; lastKnownFileType = sourcecode.swift; path = StorageKeys.swift; sourceTree = "<group>"; };
/* End PBXFileReference section */

/* Begin PBXFrameworksBuildPhase section */
		2B45E65626B81F1B00E71171 /* Frameworks */ = {
			isa = PBXFrameworksBuildPhase;
			buildActionMask = 2147483647;
			files = (
			);
			runOnlyForDeploymentPostprocessing = 0;
		};
/* End PBXFrameworksBuildPhase section */

/* Begin PBXGroup section */
		2B45E65026B81F1B00E71171 = {
			isa = PBXGroup;
			children = (
				2B45E65B26B81F1B00E71171 /* homeworkGregory */,
				2B45E65A26B81F1B00E71171 /* Products */,
			);
			sourceTree = "<group>";
		};
		2B45E65A26B81F1B00E71171 /* Products */ = {
			isa = PBXGroup;
			children = (
				2B45E65926B81F1B00E71171 /* homeworkGregory.app */,
			);
			name = Products;
			sourceTree = "<group>";
		};
		2B45E65B26B81F1B00E71171 /* homeworkGregory */ = {
			isa = PBXGroup;
			children = (
				2B45E65C26B81F1B00E71171 /* AppDelegate.swift */,
				2B45E65E26B81F1B00E71171 /* SceneDelegate.swift */,
				2B45E66026B81F1B00E71171 /* ViewController.swift */,
				6A615DA326C7113C00666953 /* StorageKeys.swift */,
				2B45E66226B81F1B00E71171 /* Main.storyboard */,
				2B45E66526B81F1E00E71171 /* Assets.xcassets */,
				2B45E66726B81F1E00E71171 /* LaunchScreen.storyboard */,
				2B45E66A26B81F1E00E71171 /* Info.plist */,
			);
			path = homeworkGregory;
			sourceTree = "<group>";
		};
/* End PBXGroup section */

/* Begin PBXNativeTarget section */
		2B45E65826B81F1B00E71171 /* homeworkGregory */ = {
			isa = PBXNativeTarget;
			buildConfigurationList = 2B45E66D26B81F1E00E71171 /* Build configuration list for PBXNativeTarget "homeworkGregory" */;
			buildPhases = (
				2B45E65526B81F1B00E71171 /* Sources */,
				2B45E65626B81F1B00E71171 /* Frameworks */,
				2B45E65726B81F1B00E71171 /* Resources */,
			);
			buildRules = (
			);
			dependencies = (
			);
			name = homeworkGregory;
			productName = homeworkGregory;
			productReference = 2B45E65926B81F1B00E71171 /* homeworkGregory.app */;
			productType = "com.apple.product-type.application";
		};
/* End PBXNativeTarget section */

/* Begin PBXProject section */
		2B45E65126B81F1B00E71171 /* Project object */ = {
			isa = PBXProject;
			attributes = {
				LastSwiftUpdateCheck = 1240;
				LastUpgradeCheck = 1240;
				TargetAttributes = {
					2B45E65826B81F1B00E71171 = {
						CreatedOnToolsVersion = 12.4;
					};
				};
			};
			buildConfigurationList = 2B45E65426B81F1B00E71171 /* Build configuration list for PBXProject "homeworkGregory" */;
			compatibilityVersion = "Xcode 9.3";
			developmentRegion = en;
			hasScannedForEncodings = 0;
			knownRegions = (
				en,
				Base,
			);
			mainGroup = 2B45E65026B81F1B00E71171;
			productRefGroup = 2B45E65A26B81F1B00E71171 /* Products */;
			projectDirPath = "";
			projectRoot = "";
			targets = (
				2B45E65826B81F1B00E71171 /* homeworkGregory */,
			);
		};
/* End PBXProject section */

/* Begin PBXResourcesBuildPhase section */
		2B45E65726B81F1B00E71171 /* Resources */ = {
			isa = PBXResourcesBuildPhase;
			buildActionMask = 2147483647;
			files = (
				2B45E66926B81F1E00E71171 /* LaunchScreen.storyboard in Resources */,
				2B45E66626B81F1E00E71171 /* Assets.xcassets in Resources */,
				2B45E66426B81F1B00E71171 /* Main.storyboard in Resources */,
			);
			runOnlyForDeploymentPostprocessing = 0;
		};
/* End PBXResourcesBuildPhase section */

/* Begin PBXSourcesBuildPhase section */
		2B45E65526B81F1B00E71171 /* Sources */ = {
			isa = PBXSourcesBuildPhase;
			buildActionMask = 2147483647;
			files = (
				2B45E66126B81F1B00E71171 /* ViewController.swift in Sources */,
				6A615DA426C7113C00666953 /* StorageKeys.swift in Sources */,
				2B45E65D26B81F1B00E71171 /* AppDelegate.swift in Sources */,
				2B45E65F26B81F1B00E71171 /* SceneDelegate.swift in Sources */,
			);
			runOnlyForDeploymentPostprocessing = 0;
		};
/* End PBXSourcesBuildPhase section */

/* Begin PBXVariantGroup section */
		2B45E66226B81F1B00E71171 /* Main.storyboard */ = {
			isa = PBXVariantGroup;
			children = (
				2B45E66326B81F1B00E71171 /* Base */,
			);
			name = Main.storyboard;
			sourceTree = "<group>";
		};
		2B45E66726B81F1E00E71171 /* LaunchScreen.storyboard */ = {
			isa = PBXVariantGroup;
			children = (
				2B45E66826B81F1E00E71171 /* Base */,
			);
			name = LaunchScreen.storyboard;
			sourceTree = "<group>";
		};
/* End PBXVariantGroup section */

/* Begin XCBuildConfiguration section */
		2B45E66B26B81F1E00E71171 /* Debug */ = {
			isa = XCBuildConfiguration;
			buildSettings = {
				ALWAYS_SEARCH_USER_PATHS = NO;
				CLANG_ANALYZER_NONNULL = YES;
				CLANG_ANALYZER_NUMBER_OBJECT_CONVERSION = YES_AGGRESSIVE;
				CLANG_CXX_LANGUAGE_STANDARD = "gnu++14";
				CLANG_CXX_LIBRARY = "libc++";
				CLANG_ENABLE_MODULES = YES;
				CLANG_ENABLE_OBJC_ARC = YES;
				CLANG_ENABLE_OBJC_WEAK = YES;
				CLANG_WARN_BLOCK_CAPTURE_AUTORELEASING = YES;
				CLANG_WARN_BOOL_CONVERSION = YES;
				CLANG_WARN_COMMA = YES;
				CLANG_WARN_CONSTANT_CONVERSION = YES;
				CLANG_WARN_DEPRECATED_OBJC_IMPLEMENTATIONS = YES;
				CLANG_WARN_DIRECT_OBJC_ISA_USAGE = YES_ERROR;
				CLANG_WARN_DOCUMENTATION_COMMENTS = YES;
				CLANG_WARN_EMPTY_BODY = YES;
				CLANG_WARN_ENUM_CONVERSION = YES;
				CLANG_WARN_INFINITE_RECURSION = YES;
				CLANG_WARN_INT_CONVERSION = YES;
				CLANG_WARN_NON_LITERAL_NULL_CONVERSION = YES;
				CLANG_WARN_OBJC_IMPLICIT_RETAIN_SELF = YES;
				CLANG_WARN_OBJC_LITERAL_CONVERSION = YES;
				CLANG_WARN_OBJC_ROOT_CLASS = YES_ERROR;
				CLANG_WARN_QUOTED_INCLUDE_IN_FRAMEWORK_HEADER = YES;
				CLANG_WARN_RANGE_LOOP_ANALYSIS = YES;
				CLANG_WARN_STRICT_PROTOTYPES = YES;
				CLANG_WARN_SUSPICIOUS_MOVE = YES;
				CLANG_WARN_UNGUARDED_AVAILABILITY = YES_AGGRESSIVE;
				CLANG_WARN_UNREACHABLE_CODE = YES;
				CLANG_WARN__DUPLICATE_METHOD_MATCH = YES;
				COPY_PHASE_STRIP = NO;
				DEBUG_INFORMATION_FORMAT = dwarf;
				ENABLE_STRICT_OBJC_MSGSEND = YES;
				ENABLE_TESTABILITY = YES;
				GCC_C_LANGUAGE_STANDARD = gnu11;
				GCC_DYNAMIC_NO_PIC = NO;
				GCC_NO_COMMON_BLOCKS = YES;
				GCC_OPTIMIZATION_LEVEL = 0;
				GCC_PREPROCESSOR_DEFINITIONS = (
					"DEBUG=1",
					"$(inherited)",
				);
				GCC_WARN_64_TO_32_BIT_CONVERSION = YES;
				GCC_WARN_ABOUT_RETURN_TYPE = YES_ERROR;
				GCC_WARN_UNDECLARED_SELECTOR = YES;
				GCC_WARN_UNINITIALIZED_AUTOS = YES_AGGRESSIVE;
				GCC_WARN_UNUSED_FUNCTION = YES;
				GCC_WARN_UNUSED_VARIABLE = YES;
				IPHONEOS_DEPLOYMENT_TARGET = 14.4;
				MTL_ENABLE_DEBUG_INFO = INCLUDE_SOURCE;
				MTL_FAST_MATH = YES;
				ONLY_ACTIVE_ARCH = YES;
				SDKROOT = iphoneos;
				SWIFT_ACTIVE_COMPILATION_CONDITIONS = DEBUG;
				SWIFT_OPTIMIZATION_LEVEL = "-Onone";
			};
			name = Debug;
		};
		2B45E66C26B81F1E00E71171 /* Release */ = {
			isa = XCBuildConfiguration;
			buildSettings = {
				ALWAYS_SEARCH_USER_PATHS = NO;
				CLANG_ANALYZER_NONNULL = YES;
				CLANG_ANALYZER_NUMBER_OBJECT_CONVERSION = YES_AGGRESSIVE;
				CLANG_CXX_LANGUAGE_STANDARD = "gnu++14";
				CLANG_CXX_LIBRARY = "libc++";
				CLANG_ENABLE_MODULES = YES;
				CLANG_ENABLE_OBJC_ARC = YES;
				CLANG_ENABLE_OBJC_WEAK = YES;
				CLANG_WARN_BLOCK_CAPTURE_AUTORELEASING = YES;
				CLANG_WARN_BOOL_CONVERSION = YES;
				CLANG_WARN_COMMA = YES;
				CLANG_WARN_CONSTANT_CONVERSION = YES;
				CLANG_WARN_DEPRECATED_OBJC_IMPLEMENTATIONS = YES;
				CLANG_WARN_DIRECT_OBJC_ISA_USAGE = YES_ERROR;
				CLANG_WARN_DOCUMENTATION_COMMENTS = YES;
				CLANG_WARN_EMPTY_BODY = YES;
				CLANG_WARN_ENUM_CONVERSION = YES;
				CLANG_WARN_INFINITE_RECURSION = YES;
				CLANG_WARN_INT_CONVERSION = YES;
				CLANG_WARN_NON_LITERAL_NULL_CONVERSION = YES;
				CLANG_WARN_OBJC_IMPLICIT_RETAIN_SELF = YES;
				CLANG_WARN_OBJC_LITERAL_CONVERSION = YES;
				CLANG_WARN_OBJC_ROOT_CLASS = YES_ERROR;
				CLANG_WARN_QUOTED_INCLUDE_IN_FRAMEWORK_HEADER = YES;
				CLANG_WARN_RANGE_LOOP_ANALYSIS = YES;
				CLANG_WARN_STRICT_PROTOTYPES = YES;
				CLANG_WARN_SUSPICIOUS_MOVE = YES;
				CLANG_WARN_UNGUARDED_AVAILABILITY = YES_AGGRESSIVE;
				CLANG_WARN_UNREACHABLE_CODE = YES;
				CLANG_WARN__DUPLICATE_METHOD_MATCH = YES;
				COPY_PHASE_STRIP = NO;
				DEBUG_INFORMATION_FORMAT = "dwarf-with-dsym";
				ENABLE_NS_ASSERTIONS = NO;
				ENABLE_STRICT_OBJC_MSGSEND = YES;
				GCC_C_LANGUAGE_STANDARD = gnu11;
				GCC_NO_COMMON_BLOCKS = YES;
				GCC_WARN_64_TO_32_BIT_CONVERSION = YES;
				GCC_WARN_ABOUT_RETURN_TYPE = YES_ERROR;
				GCC_WARN_UNDECLARED_SELECTOR = YES;
				GCC_WARN_UNINITIALIZED_AUTOS = YES_AGGRESSIVE;
				GCC_WARN_UNUSED_FUNCTION = YES;
				GCC_WARN_UNUSED_VARIABLE = YES;
				IPHONEOS_DEPLOYMENT_TARGET = 14.4;
				MTL_ENABLE_DEBUG_INFO = NO;
				MTL_FAST_MATH = YES;
				SDKROOT = iphoneos;
				SWIFT_COMPILATION_MODE = wholemodule;
				SWIFT_OPTIMIZATION_LEVEL = "-O";
				VALIDATE_PRODUCT = YES;
			};
			name = Release;
		};
		2B45E66E26B81F1E00E71171 /* Debug */ = {
			isa = XCBuildConfiguration;
			buildSettings = {
				ASSETCATALOG_COMPILER_APPICON_NAME = AppIcon;
				ASSETCATALOG_COMPILER_GLOBAL_ACCENT_COLOR_NAME = AccentColor;
				CODE_SIGN_STYLE = Automatic;
				INFOPLIST_FILE = homeworkGregory/Info.plist;
				IPHONEOS_DEPLOYMENT_TARGET = 14.0;
				LD_RUNPATH_SEARCH_PATHS = (
					"$(inherited)",
					"@executable_path/Frameworks",
				);
				PRODUCT_BUNDLE_IDENTIFIER = homework.homeworkGregory;
				PRODUCT_NAME = "$(TARGET_NAME)";
				SWIFT_VERSION = 5.0;
				TARGETED_DEVICE_FAMILY = "1,2";
			};
			name = Debug;
		};
		2B45E66F26B81F1E00E71171 /* Release */ = {
			isa = XCBuildConfiguration;
			buildSettings = {
				ASSETCATALOG_COMPILER_APPICON_NAME = AppIcon;
				ASSETCATALOG_COMPILER_GLOBAL_ACCENT_COLOR_NAME = AccentColor;
				CODE_SIGN_STYLE = Automatic;
				INFOPLIST_FILE = homeworkGregory/Info.plist;
				IPHONEOS_DEPLOYMENT_TARGET = 14.0;
				LD_RUNPATH_SEARCH_PATHS = (
					"$(inherited)",
					"@executable_path/Frameworks",
				);
				PRODUCT_BUNDLE_IDENTIFIER = homework.homeworkGregory;
				PRODUCT_NAME = "$(TARGET_NAME)";
				SWIFT_VERSION = 5.0;
				TARGETED_DEVICE_FAMILY = "1,2";
			};
			name = Release;
		};
/* End XCBuildConfiguration section */

/* Begin XCConfigurationList section */
		2B45E65426B81F1B00E71171 /* Build configuration list for PBXProject "homeworkGregory" */ = {
			isa = XCConfigurationList;
			buildConfigurations = (
				2B45E66B26B81F1E00E71171 /* Debug */,
				2B45E66C26B81F1E00E71171 /* Release */,
			);
			defaultConfigurationIsVisible = 0;
			defaultConfigurationName = Release;
		};
		2B45E66D26B81F1E00E71171 /* Build configuration list for PBXNativeTarget "homeworkGregory" */ = {
			isa = XCConfigurationList;
			buildConfigurations = (
				2B45E66E26B81F1E00E71171 /* Debug */,
				2B45E66F26B81F1E00E71171 /* Release */,
			);
			defaultConfigurationIsVisible = 0;
			defaultConfigurationName = Release;
		};
/* End XCConfigurationList section */
	};
	rootObject = 2B45E65126B81F1B00E71171 /* Project object */;
}
